
Microsoft Visual Studio Solution File, Format Version 12.00
# Visual Studio Version 17
VisualStudioVersion = 17.2.32505.173
MinimumVisualStudioVersion = 10.0.40219.1
Project("{8BC9CEB8-8B4A-11D0-8D11-00A0C91BC942}") = "TI_Week2", "TI_Week2\TI_Week2.vcxproj", "{7924E55D-39E0-42BC-A1DB-4977FFEFB421}"
EndProject
Global
	GlobalSection(SolutionConfigurationPlatforms) = preSolution
		Debug|x64 = Debug|x64
		Debug|x86 = Debug|x86
		Release|x64 = Release|x64
		Release|x86 = Release|x86
	EndGlobalSection
	GlobalSection(ProjectConfigurationPlatforms) = postSolution
		{7924E55D-39E0-42BC-A1DB-4977FFEFB421}.Debug|x64.ActiveCfg = Debug|x64
		{7924E55D-39E0-42BC-A1DB-4977FFEFB421}.Debug|x64.Build.0 = Debug|x64
		{7924E55D-39E0-42BC-A1DB-4977FFEFB421}.Debug|x86.ActiveCfg = Debug|Win32
		{7924E55D-39E0-42BC-A1DB-4977FFEFB421}.Debug|x86.Build.0 = Debug|Win32
		{7924E55D-39E0-42BC-A1DB-4977FFEFB421}.Release|x64.ActiveCfg = Release|x64
		{7924E55D-39E0-42BC-A1DB-4977FFEFB421}.Release|x64.Build.0 = Release|x64
		{7924E55D-39E0-42BC-A1DB-4977FFEFB421}.Release|x86.ActiveCfg = Release|Win32
		{7924E55D-39E0-42BC-A1DB-4977FFEFB421}.Release|x86.Build.0 = Release|Win32
	EndGlobalSection
	GlobalSection(SolutionProperties) = preSolution
		HideSolutionNode = FALSE
	EndGlobalSection
	GlobalSection(ExtensibilityGlobals) = postSolution
		SolutionGuid = {27D9B092-556C-49E7-8FC3-6FBD0E89C8C5}
	EndGlobalSection
EndGlobal
